
Microsoft Visual Studio Solution File, Format Version 12.00
# Visual Studio Version 17
VisualStudioVersion = 17.9.34728.123
MinimumVisualStudioVersion = 10.0.40219.1
Project("{FAE04EC0-301F-11D3-BF4B-00C04F79EFBC}") = "Challenge OneInfo", "Challenge OneInfo.csproj", "{DDDAEDE2-3F1F-4348-88A3-1C1D6A965C01}"
EndProject
Global
	GlobalSection(SolutionConfigurationPlatforms) = preSolution
		Debug|Any CPU = Debug|Any CPU
		Release|Any CPU = Release|Any CPU
	EndGlobalSection
	GlobalSection(ProjectConfigurationPlatforms) = postSolution
		{DDDAEDE2-3F1F-4348-88A3-1C1D6A965C01}.Debug|Any CPU.ActiveCfg = Debug|Any CPU
		{DDDAEDE2-3F1F-4348-88A3-1C1D6A965C01}.Debug|Any CPU.Build.0 = Debug|Any CPU
		{DDDAEDE2-3F1F-4348-88A3-1C1D6A965C01}.Release|Any CPU.ActiveCfg = Release|Any CPU
		{DDDAEDE2-3F1F-4348-88A3-1C1D6A965C01}.Release|Any CPU.Build.0 = Release|Any CPU
	EndGlobalSection
	GlobalSection(SolutionProperties) = preSolution
		HideSolutionNode = FALSE
	EndGlobalSection
	GlobalSection(ExtensibilityGlobals) = postSolution
		SolutionGuid = {466C48D3-D112-434A-AD41-956ADCFD63DA}
	EndGlobalSection
EndGlobal
